
Microsoft Visual Studio Solution File, Format Version 12.00
# Visual Studio Version 17
VisualStudioVersion = 17.0.31903.59
MinimumVisualStudioVersion = 10.0.40219.1
Project("{2150E333-8FDC-42A3-9474-1A3956D46DE8}") = "src", "src", "{4107FF77-98EB-4B5B-AA6F-CFD743E99153}"
EndProject
Project("{9A19103F-16F7-4668-BE54-9A1E7A4F7556}") = "StatefulReconnection", "src\StatefulReconnection\StatefulReconnection.csproj", "{A9D0EA78-BD14-4324-9735-20B8E2A34F40}"
EndProject
Project("{2150E333-8FDC-42A3-9474-1A3956D46DE8}") = "sample", "sample", "{6D32E134-D9AB-4049-98AC-CFA02BA91A1F}"
EndProject
Project("{9A19103F-16F7-4668-BE54-9A1E7A4F7556}") = "SampleApp", "sample\SampleApp\SampleApp.csproj", "{9882F26D-83F3-41C4-A484-679A620DAB42}"
EndProject
Global
	GlobalSection(SolutionConfigurationPlatforms) = preSolution
		Debug|Any CPU = Debug|Any CPU
		Release|Any CPU = Release|Any CPU
	EndGlobalSection
	GlobalSection(ProjectConfigurationPlatforms) = postSolution
		{A9D0EA78-BD14-4324-9735-20B8E2A34F40}.Debug|Any CPU.ActiveCfg = Debug|Any CPU
		{A9D0EA78-BD14-4324-9735-20B8E2A34F40}.Debug|Any CPU.Build.0 = Debug|Any CPU
		{A9D0EA78-BD14-4324-9735-20B8E2A34F40}.Release|Any CPU.ActiveCfg = Release|Any CPU
		{A9D0EA78-BD14-4324-9735-20B8E2A34F40}.Release|Any CPU.Build.0 = Release|Any CPU
		{9882F26D-83F3-41C4-A484-679A620DAB42}.Debug|Any CPU.ActiveCfg = Debug|Any CPU
		{9882F26D-83F3-41C4-A484-679A620DAB42}.Debug|Any CPU.Build.0 = Debug|Any CPU
		{9882F26D-83F3-41C4-A484-679A620DAB42}.Release|Any CPU.ActiveCfg = Release|Any CPU
		{9882F26D-83F3-41C4-A484-679A620DAB42}.Release|Any CPU.Build.0 = Release|Any CPU
	EndGlobalSection
	GlobalSection(SolutionProperties) = preSolution
		HideSolutionNode = FALSE
	EndGlobalSection
	GlobalSection(NestedProjects) = preSolution
		{A9D0EA78-BD14-4324-9735-20B8E2A34F40} = {4107FF77-98EB-4B5B-AA6F-CFD743E99153}
		{9882F26D-83F3-41C4-A484-679A620DAB42} = {6D32E134-D9AB-4049-98AC-CFA02BA91A1F}
	EndGlobalSection
	GlobalSection(ExtensibilityGlobals) = postSolution
		SolutionGuid = {D4662359-9CB5-44C6-A0BD-BBCBDF526790}
	EndGlobalSection
EndGlobal
